{
  "version": 4,
  "terraform_version": "1.2.3",
  "serial": 27,
  "lineage": "38f748d6-0189-3beb-83e7-b98d8a14ca9b",
  "outputs": {},
  "resources": [
    {
      "mode": "managed",
      "type": "aws_acm_certificate",
      "name": "acm_certificate",
      "provider": "provider[\"registry.terraform.io/hashicorp/aws\"]",
      "instances": [
        {
          "schema_version": 0,
          "attributes": {
            "arn": "arn:aws:acm:ap-south-1:709230343096:certificate/517f1be2-0418-4a0c-be4e-dfc870ccb36c",
            "certificate_authority_arn": "",
            "certificate_body": null,
            "certificate_chain": null,
            "domain_name": "hotelnew.ml",
            "domain_validation_options": [
              {
                "domain_name": "*.hotelnew.ml",
                "resource_record_name": "_a579e8e4b9559ea1e90d9ac45e989336.hotelnew.ml.",
                "resource_record_type": "CNAME",
                "resource_record_value": "_3c98df2c98a0acceb3d8206e40492bb7.mqzgcdqkwq.acm-validations.aws."
              },
              {
                "domain_name": "hotelnew.ml",
                "resource_record_name": "_a579e8e4b9559ea1e90d9ac45e989336.hotelnew.ml.",
                "resource_record_type": "CNAME",
                "resource_record_value": "_3c98df2c98a0acceb3d8206e40492bb7.mqzgcdqkwq.acm-validations.aws."
              }
            ],
            "id": "arn:aws:acm:ap-south-1:709230343096:certificate/517f1be2-0418-4a0c-be4e-dfc870ccb36c",
            "options": [
              {
                "certificate_transparency_logging_preference": "ENABLED"
              }
            ],
            "private_key": null,
            "status": "ISSUED",
            "subject_alternative_names": [
              "*.hotelnew.ml",
              "hotelnew.ml"
            ],
            "tags": {},
            "tags_all": {},
            "validation_emails": [],
            "validation_method": "DNS",
            "validation_option": []
          },
          "sensitive_attributes": [],
          "private": "bnVsbA==",
          "create_before_destroy": true
        }
      ]
    }
  ]
}
