{
  "version": 4,
  "terraform_version": "1.2.3",
  "serial": 30,
  "lineage": "656e528f-c07a-1694-e794-87d43c0568d3",
  "outputs": {},
  "resources": [
    {
      "mode": "data",
      "type": "aws_route53_zone",
      "name": "route53_zone",
      "provider": "provider[\"registry.terraform.io/hashicorp/aws\"]",
      "instances": [
        {
          "schema_version": 0,
          "attributes": {
            "arn": "arn:aws:route53:::hostedzone/Z09232451Q0BV2ES72E7I",
            "caller_reference": "bbd0eff1-4001-411d-ac70-4d61d63b9df9",
            "comment": "",
            "id": "Z09232451Q0BV2ES72E7I",
            "linked_service_description": null,
            "linked_service_principal": null,
            "name": "traveler.ga",
            "name_servers": [
              "ns-1710.awsdns-21.co.uk",
              "ns-888.awsdns-47.net",
              "ns-15.awsdns-01.com",
              "ns-1362.awsdns-42.org"
            ],
            "private_zone": false,
            "resource_record_set_count": 3,
            "tags": {},
            "vpc_id": null,
            "zone_id": "Z09232451Q0BV2ES72E7I"
          },
          "sensitive_attributes": []
        }
      ]
    },
    {
      "mode": "managed",
      "type": "aws_route53_record",
      "name": "route53_record",
      "provider": "provider[\"registry.terraform.io/hashicorp/aws\"]",
      "instances": [
        {
          "schema_version": 2,
          "attributes": {
            "alias": [],
            "allow_overwrite": null,
            "failover_routing_policy": [],
            "fqdn": "lb.traveler.ga",
            "geolocation_routing_policy": [],
            "health_check_id": null,
            "id": "Z09232451Q0BV2ES72E7I_lb_CNAME",
            "latency_routing_policy": [],
            "multivalue_answer_routing_policy": null,
            "name": "lb",
            "records": [
              "test-lb-tf-241407042.ap-south-1.elb.amazonaws.com"
            ],
            "set_identifier": null,
            "ttl": 300,
            "type": "CNAME",
            "weighted_routing_policy": [],
            "zone_id": "Z09232451Q0BV2ES72E7I"
          },
          "sensitive_attributes": [],
          "private": "eyJzY2hlbWFfdmVyc2lvbiI6IjIifQ==",
          "dependencies": [
            "data.aws_route53_zone.route53_zone"
          ]
        }
      ]
    }
  ]
}
